
Microsoft Visual Studio Solution File, Format Version 12.00
# Visual Studio 15
VisualStudioVersion = 15.0.28307.489
MinimumVisualStudioVersion = 10.0.40219.1
Project("{F184B08F-C81C-45F6-A57F-5ABD9991F28F}") = "Taxi Dash", "Taxi Dash\Taxi Dash.vbproj", "{B62B605F-0A36-4E0C-80F0-F97F74F8E160}"
EndProject
Global
	GlobalSection(SolutionConfigurationPlatforms) = preSolution
		Debug|Any CPU = Debug|Any CPU
		Release|Any CPU = Release|Any CPU
	EndGlobalSection
	GlobalSection(ProjectConfigurationPlatforms) = postSolution
		{B62B605F-0A36-4E0C-80F0-F97F74F8E160}.Debug|Any CPU.ActiveCfg = Debug|Any CPU
		{B62B605F-0A36-4E0C-80F0-F97F74F8E160}.Debug|Any CPU.Build.0 = Debug|Any CPU
		{B62B605F-0A36-4E0C-80F0-F97F74F8E160}.Release|Any CPU.ActiveCfg = Release|Any CPU
		{B62B605F-0A36-4E0C-80F0-F97F74F8E160}.Release|Any CPU.Build.0 = Release|Any CPU
	EndGlobalSection
	GlobalSection(SolutionProperties) = preSolution
		HideSolutionNode = FALSE
	EndGlobalSection
	GlobalSection(ExtensibilityGlobals) = postSolution
		SolutionGuid = {5690FDDF-7BF4-4D9B-9A90-A7D0899C094D}
	EndGlobalSection
EndGlobal
